
Microsoft Visual Studio Solution File, Format Version 12.00
# Visual Studio Version 17
VisualStudioVersion = 17.13.35828.75
MinimumVisualStudioVersion = 10.0.40219.1
Project("{FAE04EC0-301F-11D3-BF4B-00C04F79EFBC}") = "LicencesManager", "LicencesManager.csproj", "{5295A59E-4953-4F1C-BFB7-AAEBE819A78E}"
EndProject
Project("{2150E333-8FDC-42A3-9474-1A3956D46DE8}") = "Éléments de solution", "Éléments de solution", "{9C8CB701-102D-CF49-A3E0-89AC09D42C2C}"
	ProjectSection(SolutionItems) = preProject
		appsettings.json = appsettings.json
		GestionLicences.cs = GestionLicences.cs
	EndProjectSection
EndProject
Global
	GlobalSection(SolutionConfigurationPlatforms) = preSolution
		Debug|Any CPU = Debug|Any CPU
		Release|Any CPU = Release|Any CPU
	EndGlobalSection
	GlobalSection(ProjectConfigurationPlatforms) = postSolution
		{5295A59E-4953-4F1C-BFB7-AAEBE819A78E}.Debug|Any CPU.ActiveCfg = Debug|Any CPU
		{5295A59E-4953-4F1C-BFB7-AAEBE819A78E}.Debug|Any CPU.Build.0 = Debug|Any CPU
		{5295A59E-4953-4F1C-BFB7-AAEBE819A78E}.Release|Any CPU.ActiveCfg = Release|Any CPU
		{5295A59E-4953-4F1C-BFB7-AAEBE819A78E}.Release|Any CPU.Build.0 = Release|Any CPU
	EndGlobalSection
	GlobalSection(SolutionProperties) = preSolution
		HideSolutionNode = FALSE
	EndGlobalSection
	GlobalSection(ExtensibilityGlobals) = postSolution
		SolutionGuid = {92AC81E6-B5D6-4B8C-BB8E-3136F8F8797F}
	EndGlobalSection
EndGlobal
